
Microsoft Visual Studio Solution File, Format Version 12.00
# Visual Studio Version 16
VisualStudioVersion = 16.0.30413.136
MinimumVisualStudioVersion = 10.0.40219.1
Project("{FAE04EC0-301F-11D3-BF4B-00C04F79EFBC}") = "TrapezeApp", "TrapezeApp\TrapezeApp.csproj", "{A60D7D90-13EA-4EDF-B6D7-359427A9A389}"
EndProject
Project("{FAE04EC0-301F-11D3-BF4B-00C04F79EFBC}") = "TrapezeLib", "TrapezeLib\TrapezeLib.csproj", "{38649F50-092F-4D22-9934-858CBE4B3565}"
EndProject
Global
	GlobalSection(SolutionConfigurationPlatforms) = preSolution
		Debug|Any CPU = Debug|Any CPU
		Release|Any CPU = Release|Any CPU
	EndGlobalSection
	GlobalSection(ProjectConfigurationPlatforms) = postSolution
		{A60D7D90-13EA-4EDF-B6D7-359427A9A389}.Debug|Any CPU.ActiveCfg = Debug|Any CPU
		{A60D7D90-13EA-4EDF-B6D7-359427A9A389}.Debug|Any CPU.Build.0 = Debug|Any CPU
		{A60D7D90-13EA-4EDF-B6D7-359427A9A389}.Release|Any CPU.ActiveCfg = Release|Any CPU
		{A60D7D90-13EA-4EDF-B6D7-359427A9A389}.Release|Any CPU.Build.0 = Release|Any CPU
		{38649F50-092F-4D22-9934-858CBE4B3565}.Debug|Any CPU.ActiveCfg = Debug|Any CPU
		{38649F50-092F-4D22-9934-858CBE4B3565}.Debug|Any CPU.Build.0 = Debug|Any CPU
		{38649F50-092F-4D22-9934-858CBE4B3565}.Release|Any CPU.ActiveCfg = Release|Any CPU
		{38649F50-092F-4D22-9934-858CBE4B3565}.Release|Any CPU.Build.0 = Release|Any CPU
	EndGlobalSection
	GlobalSection(SolutionProperties) = preSolution
		HideSolutionNode = FALSE
	EndGlobalSection
	GlobalSection(ExtensibilityGlobals) = postSolution
		SolutionGuid = {088002E4-4924-41FF-A84F-345BE7E13B1B}
	EndGlobalSection
EndGlobal
